
Microsoft Visual Studio Solution File, Format Version 12.00
# Visual Studio Version 16
VisualStudioVersion = 16.0.31613.86
MinimumVisualStudioVersion = 10.0.40219.1
Project("{FAE04EC0-301F-11D3-BF4B-00C04F79EFBC}") = "Aplicacion de consola", "Aplicacion de consola\Aplicacion de consola.csproj", "{7806DE68-DB48-47A8-90A6-FE556D193237}"
EndProject
Global
	GlobalSection(SolutionConfigurationPlatforms) = preSolution
		Debug|Any CPU = Debug|Any CPU
		Release|Any CPU = Release|Any CPU
	EndGlobalSection
	GlobalSection(ProjectConfigurationPlatforms) = postSolution
		{7806DE68-DB48-47A8-90A6-FE556D193237}.Debug|Any CPU.ActiveCfg = Debug|Any CPU
		{7806DE68-DB48-47A8-90A6-FE556D193237}.Debug|Any CPU.Build.0 = Debug|Any CPU
		{7806DE68-DB48-47A8-90A6-FE556D193237}.Release|Any CPU.ActiveCfg = Release|Any CPU
		{7806DE68-DB48-47A8-90A6-FE556D193237}.Release|Any CPU.Build.0 = Release|Any CPU
	EndGlobalSection
	GlobalSection(SolutionProperties) = preSolution
		HideSolutionNode = FALSE
	EndGlobalSection
	GlobalSection(ExtensibilityGlobals) = postSolution
		SolutionGuid = {F7103CF8-68B3-488D-9749-348C4F3EC7E1}
	EndGlobalSection
EndGlobal
